
Microsoft Visual Studio Solution File, Format Version 12.00
# Visual Studio 15
VisualStudioVersion = 15.0.26730.12
MinimumVisualStudioVersion = 10.0.40219.1
Project("{FAE04EC0-301F-11D3-BF4B-00C04F79EFBC}") = "Sea_battle_flutter", "Sea_battle_flutter\Sea_battle_flutter.csproj", "{C3509309-842B-4C71-95B3-F81FA9722B36}"
EndProject
Global
	GlobalSection(SolutionConfigurationPlatforms) = preSolution
		Debug|Any CPU = Debug|Any CPU
		Release|Any CPU = Release|Any CPU
	EndGlobalSection
	GlobalSection(ProjectConfigurationPlatforms) = postSolution
		{C3509309-842B-4C71-95B3-F81FA9722B36}.Debug|Any CPU.ActiveCfg = Debug|Any CPU
		{C3509309-842B-4C71-95B3-F81FA9722B36}.Debug|Any CPU.Build.0 = Debug|Any CPU
		{C3509309-842B-4C71-95B3-F81FA9722B36}.Release|Any CPU.ActiveCfg = Release|Any CPU
		{C3509309-842B-4C71-95B3-F81FA9722B36}.Release|Any CPU.Build.0 = Release|Any CPU
	EndGlobalSection
	GlobalSection(SolutionProperties) = preSolution
		HideSolutionNode = FALSE
	EndGlobalSection
	GlobalSection(ExtensibilityGlobals) = postSolution
		SolutionGuid = {DBF107D6-D7C6-46FD-B9EA-CEA08D14D677}
	EndGlobalSection
EndGlobal
